
Microsoft Visual Studio Solution File, Format Version 12.00
# Visual Studio 15
VisualStudioVersion = 15.0.27130.2027
MinimumVisualStudioVersion = 10.0.40219.1
Project("{FAE04EC0-301F-11D3-BF4B-00C04F79EFBC}") = "DLR.WPF", "DLR.WPF\DLR.WPF.csproj", "{101D0B7E-74E2-4F0A-9DC5-4A50F0E20182}"
EndProject
Global
	GlobalSection(SolutionConfigurationPlatforms) = preSolution
		Debug|Any CPU = Debug|Any CPU
		Release|Any CPU = Release|Any CPU
	EndGlobalSection
	GlobalSection(ProjectConfigurationPlatforms) = postSolution
		{101D0B7E-74E2-4F0A-9DC5-4A50F0E20182}.Debug|Any CPU.ActiveCfg = Debug|Any CPU
		{101D0B7E-74E2-4F0A-9DC5-4A50F0E20182}.Debug|Any CPU.Build.0 = Debug|Any CPU
		{101D0B7E-74E2-4F0A-9DC5-4A50F0E20182}.Release|Any CPU.ActiveCfg = Release|Any CPU
		{101D0B7E-74E2-4F0A-9DC5-4A50F0E20182}.Release|Any CPU.Build.0 = Release|Any CPU
	EndGlobalSection
	GlobalSection(SolutionProperties) = preSolution
		HideSolutionNode = FALSE
	EndGlobalSection
	GlobalSection(ExtensibilityGlobals) = postSolution
		SolutionGuid = {4D530CB4-5117-4F8E-B7D5-B3AE8FDBC075}
	EndGlobalSection
EndGlobal
